
Microsoft Visual Studio Solution File, Format Version 12.00
# Visual Studio Version 17
VisualStudioVersion = 17.5.2.0
MinimumVisualStudioVersion = 10.0.40219.1
Project("{2150E333-8FDC-42A3-9474-1A3956D46DE8}") = "src", "src", "{827E0CD3-B72D-47B6-A68D-7590B98EB39B}"
EndProject
Project("{FAE04EC0-301F-11D3-BF4B-00C04F79EFBC}") = "BaslerLiveView", "src\BaslerLiveView\BaslerLiveView.csproj", "{1CE82B12-5260-3D41-FBC9-296AF459C0DC}"
EndProject
Project("{2150E333-8FDC-42A3-9474-1A3956D46DE8}") = "include", "include", "{B8EFE43B-BCCE-3DAD-1EBC-21459D0DF14A}"
EndProject
Project("{2150E333-8FDC-42A3-9474-1A3956D46DE8}") = "YoloDotNet", "YoloDotNet", "{2D1D86EF-5008-823F-B0D3-B51FE218A98B}"
EndProject
Project("{FAE04EC0-301F-11D3-BF4B-00C04F79EFBC}") = "YoloDotNet", "include\YoloDotNet\YoloDotNet\YoloDotNet.csproj", "{700A472C-85D0-4F94-AB1D-5ACC8D0EACE6}"
EndProject
Project("{FAE04EC0-301F-11D3-BF4B-00C04F79EFBC}") = "YoloDotNet.ExecutionProvider.DirectML", "include\YoloDotNet\YoloDotNet.ExecutionProvider.DirectML\YoloDotNet.ExecutionProvider.DirectML.csproj", "{4677F020-6F93-4A3B-9468-6324AE16FB29}"
EndProject
Global
	GlobalSection(SolutionConfigurationPlatforms) = preSolution
		Debug|Any CPU = Debug|Any CPU
		Debug|x64 = Debug|x64
		Debug|x86 = Debug|x86
		Release|Any CPU = Release|Any CPU
		Release|x64 = Release|x64
		Release|x86 = Release|x86
	EndGlobalSection
	GlobalSection(ProjectConfigurationPlatforms) = postSolution
		{1CE82B12-5260-3D41-FBC9-296AF459C0DC}.Debug|Any CPU.ActiveCfg = Debug|Any CPU
		{1CE82B12-5260-3D41-FBC9-296AF459C0DC}.Debug|Any CPU.Build.0 = Debug|Any CPU
		{1CE82B12-5260-3D41-FBC9-296AF459C0DC}.Debug|x64.ActiveCfg = Debug|Any CPU
		{1CE82B12-5260-3D41-FBC9-296AF459C0DC}.Debug|x64.Build.0 = Debug|Any CPU
		{1CE82B12-5260-3D41-FBC9-296AF459C0DC}.Debug|x86.ActiveCfg = Debug|Any CPU
		{1CE82B12-5260-3D41-FBC9-296AF459C0DC}.Debug|x86.Build.0 = Debug|Any CPU
		{1CE82B12-5260-3D41-FBC9-296AF459C0DC}.Release|Any CPU.ActiveCfg = Release|Any CPU
		{1CE82B12-5260-3D41-FBC9-296AF459C0DC}.Release|Any CPU.Build.0 = Release|Any CPU
		{1CE82B12-5260-3D41-FBC9-296AF459C0DC}.Release|x64.ActiveCfg = Release|Any CPU
		{1CE82B12-5260-3D41-FBC9-296AF459C0DC}.Release|x64.Build.0 = Release|Any CPU
		{1CE82B12-5260-3D41-FBC9-296AF459C0DC}.Release|x86.ActiveCfg = Release|Any CPU
		{1CE82B12-5260-3D41-FBC9-296AF459C0DC}.Release|x86.Build.0 = Release|Any CPU
		{700A472C-85D0-4F94-AB1D-5ACC8D0EACE6}.Debug|Any CPU.ActiveCfg = Debug|Any CPU
		{700A472C-85D0-4F94-AB1D-5ACC8D0EACE6}.Debug|Any CPU.Build.0 = Debug|Any CPU
		{700A472C-85D0-4F94-AB1D-5ACC8D0EACE6}.Debug|x64.ActiveCfg = Debug|Any CPU
		{700A472C-85D0-4F94-AB1D-5ACC8D0EACE6}.Debug|x64.Build.0 = Debug|Any CPU
		{700A472C-85D0-4F94-AB1D-5ACC8D0EACE6}.Debug|x86.ActiveCfg = Debug|Any CPU
		{700A472C-85D0-4F94-AB1D-5ACC8D0EACE6}.Debug|x86.Build.0 = Debug|Any CPU
		{700A472C-85D0-4F94-AB1D-5ACC8D0EACE6}.Release|Any CPU.ActiveCfg = Release|Any CPU
		{700A472C-85D0-4F94-AB1D-5ACC8D0EACE6}.Release|Any CPU.Build.0 = Release|Any CPU
		{700A472C-85D0-4F94-AB1D-5ACC8D0EACE6}.Release|x64.ActiveCfg = Release|Any CPU
		{700A472C-85D0-4F94-AB1D-5ACC8D0EACE6}.Release|x64.Build.0 = Release|Any CPU
		{700A472C-85D0-4F94-AB1D-5ACC8D0EACE6}.Release|x86.ActiveCfg = Release|Any CPU
		{700A472C-85D0-4F94-AB1D-5ACC8D0EACE6}.Release|x86.Build.0 = Release|Any CPU
		{4677F020-6F93-4A3B-9468-6324AE16FB29}.Debug|Any CPU.ActiveCfg = Debug|Any CPU
		{4677F020-6F93-4A3B-9468-6324AE16FB29}.Debug|Any CPU.Build.0 = Debug|Any CPU
		{4677F020-6F93-4A3B-9468-6324AE16FB29}.Debug|x64.ActiveCfg = Debug|Any CPU
		{4677F020-6F93-4A3B-9468-6324AE16FB29}.Debug|x64.Build.0 = Debug|Any CPU
		{4677F020-6F93-4A3B-9468-6324AE16FB29}.Debug|x86.ActiveCfg = Debug|Any CPU
		{4677F020-6F93-4A3B-9468-6324AE16FB29}.Debug|x86.Build.0 = Debug|Any CPU
		{4677F020-6F93-4A3B-9468-6324AE16FB29}.Release|Any CPU.ActiveCfg = Release|Any CPU
		{4677F020-6F93-4A3B-9468-6324AE16FB29}.Release|Any CPU.Build.0 = Release|Any CPU
		{4677F020-6F93-4A3B-9468-6324AE16FB29}.Release|x64.ActiveCfg = Release|Any CPU
		{4677F020-6F93-4A3B-9468-6324AE16FB29}.Release|x64.Build.0 = Release|Any CPU
		{4677F020-6F93-4A3B-9468-6324AE16FB29}.Release|x86.ActiveCfg = Release|Any CPU
		{4677F020-6F93-4A3B-9468-6324AE16FB29}.Release|x86.Build.0 = Release|Any CPU
	EndGlobalSection
	GlobalSection(SolutionProperties) = preSolution
		HideSolutionNode = FALSE
	EndGlobalSection
	GlobalSection(NestedProjects) = preSolution
		{1CE82B12-5260-3D41-FBC9-296AF459C0DC} = {827E0CD3-B72D-47B6-A68D-7590B98EB39B}
		{2D1D86EF-5008-823F-B0D3-B51FE218A98B} = {B8EFE43B-BCCE-3DAD-1EBC-21459D0DF14A}
		{700A472C-85D0-4F94-AB1D-5ACC8D0EACE6} = {2D1D86EF-5008-823F-B0D3-B51FE218A98B}
		{4677F020-6F93-4A3B-9468-6324AE16FB29} = {2D1D86EF-5008-823F-B0D3-B51FE218A98B}
	EndGlobalSection
	GlobalSection(ExtensibilityGlobals) = postSolution
		SolutionGuid = {00750AD4-E46E-4D48-9014-4DE63C613B2F}
	EndGlobalSection
EndGlobal
